
Microsoft Visual Studio Solution File, Format Version 12.00
# Visual Studio Version 16
VisualStudioVersion = 16.0.31402.337
MinimumVisualStudioVersion = 10.0.40219.1
Project("{FAE04EC0-301F-11D3-BF4B-00C04F79EFBC}") = "Session23", "Session23\Session23.csproj", "{3F50577C-1B36-48D2-9DE0-4F92274E4744}"
EndProject
Project("{FAE04EC0-301F-11D3-BF4B-00C04F79EFBC}") = "Session23.tests", "Session23.tests\Session23.tests.csproj", "{9F994D53-0D9F-4AD2-9C7E-9A19C43F7A5F}"
EndProject
Global
	GlobalSection(SolutionConfigurationPlatforms) = preSolution
		Debug|Any CPU = Debug|Any CPU
		Release|Any CPU = Release|Any CPU
	EndGlobalSection
	GlobalSection(ProjectConfigurationPlatforms) = postSolution
		{3F50577C-1B36-48D2-9DE0-4F92274E4744}.Debug|Any CPU.ActiveCfg = Debug|Any CPU
		{3F50577C-1B36-48D2-9DE0-4F92274E4744}.Debug|Any CPU.Build.0 = Debug|Any CPU
		{3F50577C-1B36-48D2-9DE0-4F92274E4744}.Release|Any CPU.ActiveCfg = Release|Any CPU
		{3F50577C-1B36-48D2-9DE0-4F92274E4744}.Release|Any CPU.Build.0 = Release|Any CPU
		{9F994D53-0D9F-4AD2-9C7E-9A19C43F7A5F}.Debug|Any CPU.ActiveCfg = Debug|Any CPU
		{9F994D53-0D9F-4AD2-9C7E-9A19C43F7A5F}.Debug|Any CPU.Build.0 = Debug|Any CPU
		{9F994D53-0D9F-4AD2-9C7E-9A19C43F7A5F}.Release|Any CPU.ActiveCfg = Release|Any CPU
		{9F994D53-0D9F-4AD2-9C7E-9A19C43F7A5F}.Release|Any CPU.Build.0 = Release|Any CPU
	EndGlobalSection
	GlobalSection(SolutionProperties) = preSolution
		HideSolutionNode = FALSE
	EndGlobalSection
	GlobalSection(ExtensibilityGlobals) = postSolution
		SolutionGuid = {E3ECA6AF-653A-4928-817F-F64225908701}
	EndGlobalSection
EndGlobal
